// !$*UTF8*$!
{
	archiveVersion = 1;
	classes = {
	};
	objectVersion = 48;
	objects = {

/* Begin PBXBuildFile section */
		43900FC01FCCE8AE00258E80 /* AppDelegate.swift in Sources */ = {isa = PBXBuildFile; fileRef = 43900FBF1FCCE8AE00258E80 /* AppDelegate.swift */; };
		43900FC21FCCE8AE00258E80 /* ViewController.swift in Sources */ = {isa = PBXBuildFile; fileRef = 43900FC11FCCE8AE00258E80 /* ViewController.swift */; };
		43900FC51FCCE8AF00258E80 /* Main.storyboard in Resources */ = {isa = PBXBuildFile; fileRef = 43900FC31FCCE8AF00258E80 /* Main.storyboard */; };
		43900FC71FCCE8AF00258E80 /* Assets.xcassets in Resources */ = {isa = PBXBuildFile; fileRef = 43900FC61FCCE8AF00258E80 /* Assets.xcassets */; };
		43900FCA1FCCE8AF00258E80 /* LaunchScreen.storyboard in Resources */ = {isa = PBXBuildFile; fileRef = 43900FC81FCCE8AF00258E80 /* LaunchScreen.storyboard */; };
/* End PBXBuildFile section */

/* Begin PBXFileReference section */
		43900FBC1FCCE8AE00258E80 /* InterpolationTest.app */ = {isa = PBXFileReference; explicitFileType = wrapper.application; includeInIndex = 0; path = InterpolationTest.app; sourceTree = BUILT_PRODUCTS_DIR; };
		43900FBF1FCCE8AE00258E80 /* AppDelegate.swift */ = {isa = PBXFileReference; lastKnownFileType = sourcecode.swift; path = AppDelegate.swift; sourceTree = "<group>"; };
		43900FC11FCCE8AE00258E80 /* ViewController.swift */ = {isa = PBXFileReference; lastKnownFileType = sourcecode.swift; path = ViewController.swift; sourceTree = "<group>"; };
		43900FC41FCCE8AF00258E80 /* Base */ = {isa = PBXFileReference; lastKnownFileType = file.storyboard; name = Base; path = Base.lproj/Main.storyboard; sourceTree = "<group>"; };
		43900FC61FCCE8AF00258E80 /* Assets.xcassets */ = {isa = PBXFileReference; lastKnownFileType = folder.assetcatalog; path = Assets.xcassets; sourceTree = "<group>"; };
		43900FC91FCCE8AF00258E80 /* Base */ = {isa = PBXFileReference; lastKnownFileType = file.storyboard; name = Base; path = Base.lproj/LaunchScreen.storyboard; sourceTree = "<group>"; };
		43900FCB1FCCE8AF00258E80 /* Info.plist */ = {isa = PBXFileReference; lastKnownFileType = text.plist.xml; path = Info.plist; sourceTree = "<group>"; };
/* End PBXFileReference section */

/* Begin PBXFrameworksBuildPhase section */
		43900FB91FCCE8AE00258E80 /* Frameworks */ = {
			isa = PBXFrameworksBuildPhase;
			buildActionMask = 2147483647;
			files = (
			);
			runOnlyForDeploymentPostprocessing = 0;
		};
/* End PBXFrameworksBuildPhase section */

/* Begin PBXGroup section */
		43900FB31FCCE8AE00258E80 = {
			isa = PBXGroup;
			children = (
				43900FBE1FCCE8AE00258E80 /* InterpolationTest */,
				43900FBD1FCCE8AE00258E80 /* Products */,
			);
			sourceTree = "<group>";
		};
		43900FBD1FCCE8AE00258E80 /* Products */ = {
			isa = PBXGroup;
			children = (
				43900FBC1FCCE8AE00258E80 /* InterpolationTest.app */,
			);
			name = Products;
			sourceTree = "<group>";
		};
		43900FBE1FCCE8AE00258E80 /* InterpolationTest */ = {
			isa = PBXGroup;
			children = (
				43900FBF1FCCE8AE00258E80 /* AppDelegate.swift */,
				43900FC11FCCE8AE00258E80 /* ViewController.swift */,
				43900FC31FCCE8AF00258E80 /* Main.storyboard */,
				43900FC61FCCE8AF00258E80 /* Assets.xcassets */,
				43900FC81FCCE8AF00258E80 /* LaunchScreen.storyboard */,
				43900FCB1FCCE8AF00258E80 /* Info.plist */,
			);
			path = InterpolationTest;
			sourceTree = "<group>";
		};
/* End PBXGroup section */

/* Begin PBXNativeTarget section */
		43900FBB1FCCE8AE00258E80 /* InterpolationTest */ = {
			isa = PBXNativeTarget;
			buildConfigurationList = 43900FCE1FCCE8AF00258E80 /* Build configuration list for PBXNativeTarget "InterpolationTest" */;
			buildPhases = (
				43900FB81FCCE8AE00258E80 /* Sources */,
				43900FB91FCCE8AE00258E80 /* Frameworks */,
				43900FBA1FCCE8AE00258E80 /* Resources */,
			);
			buildRules = (
			);
			dependencies = (
			);
			name = InterpolationTest;
			productName = InterpolationTest;
			productReference = 43900FBC1FCCE8AE00258E80 /* InterpolationTest.app */;
			productType = "com.apple.product-type.application";
		};
/* End PBXNativeTarget section */

/* Begin PBXProject section */
		43900FB41FCCE8AE00258E80 /* Project object */ = {
			isa = PBXProject;
			attributes = {
				LastSwiftUpdateCheck = 0900;
				LastUpgradeCheck = 0900;
				ORGANIZATIONNAME = "Hsin Miao";
				TargetAttributes = {
					43900FBB1FCCE8AE00258E80 = {
						CreatedOnToolsVersion = 9.0;
						ProvisioningStyle = Automatic;
					};
				};
			};
			buildConfigurationList = 43900FB71FCCE8AE00258E80 /* Build configuration list for PBXProject "InterpolationTest" */;
			compatibilityVersion = "Xcode 8.0";
			developmentRegion = en;
			hasScannedForEncodings = 0;
			knownRegions = (
				en,
				Base,
			);
			mainGroup = 43900FB31FCCE8AE00258E80;
			productRefGroup = 43900FBD1FCCE8AE00258E80 /* Products */;
			projectDirPath = "";
			projectRoot = "";
			targets = (
				43900FBB1FCCE8AE00258E80 /* InterpolationTest */,
			);
		};
/* End PBXProject section */

/* Begin PBXResourcesBuildPhase section */
		43900FBA1FCCE8AE00258E80 /* Resources */ = {
			isa = PBXResourcesBuildPhase;
			buildActionMask = 2147483647;
			files = (
				43900FCA1FCCE8AF00258E80 /* LaunchScreen.storyboard in Resources */,
				43900FC71FCCE8AF00258E80 /* Assets.xcassets in Resources */,
				43900FC51FCCE8AF00258E80 /* Main.storyboard in Resources */,
			);
			runOnlyForDeploymentPostprocessing = 0;
		};
/* End PBXResourcesBuildPhase section */

/* Begin PBXSourcesBuildPhase section */
		43900FB81FCCE8AE00258E80 /* Sources */ = {
			isa = PBXSourcesBuildPhase;
			buildActionMask = 2147483647;
			files = (
				43900FC21FCCE8AE00258E80 /* ViewController.swift in Sources */,
				43900FC01FCCE8AE00258E80 /* AppDelegate.swift in Sources */,
			);
			runOnlyForDeploymentPostprocessing = 0;
		};
/* End PBXSourcesBuildPhase section */

/* Begin PBXVariantGroup section */
		43900FC31FCCE8AF00258E80 /* Main.storyboard */ = {
			isa = PBXVariantGroup;
			children = (
				43900FC41FCCE8AF00258E80 /* Base */,
			);
			name = Main.storyboard;
			sourceTree = "<group>";
		};
		43900FC81FCCE8AF00258E80 /* LaunchScreen.storyboard */ = {
			isa = PBXVariantGroup;
			children = (
				43900FC91FCCE8AF00258E80 /* Base */,
			);
			name = LaunchScreen.storyboard;
			sourceTree = "<group>";
		};
/* End PBXVariantGroup section */

/* Begin XCBuildConfiguration section */
		43900FCC1FCCE8AF00258E80 /* Debug */ = {
			isa = XCBuildConfiguration;
			buildSettings = {
				ALWAYS_SEARCH_USER_PATHS = NO;
				CLANG_ANALYZER_NONNULL = YES;
				CLANG_ANALYZER_NUMBER_OBJECT_CONVERSION = YES_AGGRESSIVE;
				CLANG_CXX_LANGUAGE_STANDARD = "gnu++14";
				CLANG_CXX_LIBRARY = "libc++";
				CLANG_ENABLE_MODULES = YES;
				CLANG_ENABLE_OBJC_ARC = YES;
				CLANG_WARN_BLOCK_CAPTURE_AUTORELEASING = YES;
				CLANG_WARN_BOOL_CONVERSION = YES;
				CLANG_WARN_COMMA = YES;
				CLANG_WARN_CONSTANT_CONVERSION = YES;
				CLANG_WARN_DIRECT_OBJC_ISA_USAGE = YES_ERROR;
				CLANG_WARN_DOCUMENTATION_COMMENTS = YES;
				CLANG_WARN_EMPTY_BODY = YES;
				CLANG_WARN_ENUM_CONVERSION = YES;
				CLANG_WARN_INFINITE_RECURSION = YES;
				CLANG_WARN_INT_CONVERSION = YES;
				CLANG_WARN_NON_LITERAL_NULL_CONVERSION = YES;
				CLANG_WARN_OBJC_LITERAL_CONVERSION = YES;
				CLANG_WARN_OBJC_ROOT_CLASS = YES_ERROR;
				CLANG_WARN_RANGE_LOOP_ANALYSIS = YES;
				CLANG_WARN_STRICT_PROTOTYPES = YES;
				CLANG_WARN_SUSPICIOUS_MOVE = YES;
				CLANG_WARN_UNGUARDED_AVAILABILITY = YES_AGGRESSIVE;
				CLANG_WARN_UNREACHABLE_CODE = YES;
				CLANG_WARN__DUPLICATE_METHOD_MATCH = YES;
				CODE_SIGN_IDENTITY = "iPhone Developer";
				COPY_PHASE_STRIP = NO;
				DEBUG_INFORMATION_FORMAT = dwarf;
				ENABLE_STRICT_OBJC_MSGSEND = YES;
				ENABLE_TESTABILITY = YES;
				GCC_C_LANGUAGE_STANDARD = gnu11;
				GCC_DYNAMIC_NO_PIC = NO;
				GCC_NO_COMMON_BLOCKS = YES;
				GCC_OPTIMIZATION_LEVEL = 0;
				GCC_PREPROCESSOR_DEFINITIONS = (
					"DEBUG=1",
					"$(inherited)",
				);
				GCC_WARN_64_TO_32_BIT_CONVERSION = YES;
				GCC_WARN_ABOUT_RETURN_TYPE = YES_ERROR;
				GCC_WARN_UNDECLARED_SELECTOR = YES;
				GCC_WARN_UNINITIALIZED_AUTOS = YES_AGGRESSIVE;
				GCC_WARN_UNUSED_FUNCTION = YES;
				GCC_WARN_UNUSED_VARIABLE = YES;
				IPHONEOS_DEPLOYMENT_TARGET = 11.0;
				MTL_ENABLE_DEBUG_INFO = YES;
				ONLY_ACTIVE_ARCH = YES;
				SDKROOT = iphoneos;
				SWIFT_ACTIVE_COMPILATION_CONDITIONS = DEBUG;
				SWIFT_OPTIMIZATION_LEVEL = "-Onone";
			};
			name = Debug;
		};
		43900FCD1FCCE8AF00258E80 /* Release */ = {
			isa = XCBuildConfiguration;
			buildSettings = {
				ALWAYS_SEARCH_USER_PATHS = NO;
				CLANG_ANALYZER_NONNULL = YES;
				CLANG_ANALYZER_NUMBER_OBJECT_CONVERSION = YES_AGGRESSIVE;
				CLANG_CXX_LANGUAGE_STANDARD = "gnu++14";
				CLANG_CXX_LIBRARY = "libc++";
				CLANG_ENABLE_MODULES = YES;
				CLANG_ENABLE_OBJC_ARC = YES;
				CLANG_WARN_BLOCK_CAPTURE_AUTORELEASING = YES;
				CLANG_WARN_BOOL_CONVERSION = YES;
				CLANG_WARN_COMMA = YES;
				CLANG_WARN_CONSTANT_CONVERSION = YES;
				CLANG_WARN_DIRECT_OBJC_ISA_USAGE = YES_ERROR;
				CLANG_WARN_DOCUMENTATION_COMMENTS = YES;
				CLANG_WARN_EMPTY_BODY = YES;
				CLANG_WARN_ENUM_CONVERSION = YES;
				CLANG_WARN_INFINITE_RECURSION = YES;
				CLANG_WARN_INT_CONVERSION = YES;
				CLANG_WARN_NON_LITERAL_NULL_CONVERSION = YES;
				CLANG_WARN_OBJC_LITERAL_CONVERSION = YES;
				CLANG_WARN_OBJC_ROOT_CLASS = YES_ERROR;
				CLANG_WARN_RANGE_LOOP_ANALYSIS = YES;
				CLANG_WARN_STRICT_PROTOTYPES = YES;
				CLANG_WARN_SUSPICIOUS_MOVE = YES;
				CLANG_WARN_UNGUARDED_AVAILABILITY = YES_AGGRESSIVE;
				CLANG_WARN_UNREACHABLE_CODE = YES;
				CLANG_WARN__DUPLICATE_METHOD_MATCH = YES;
				CODE_SIGN_IDENTITY = "iPhone Developer";
				COPY_PHASE_STRIP = NO;
				DEBUG_INFORMATION_FORMAT = "dwarf-with-dsym";
				ENABLE_NS_ASSERTIONS = NO;
				ENABLE_STRICT_OBJC_MSGSEND = YES;
				GCC_C_LANGUAGE_STANDARD = gnu11;
				GCC_NO_COMMON_BLOCKS = YES;
				GCC_WARN_64_TO_32_BIT_CONVERSION = YES;
				GCC_WARN_ABOUT_RETURN_TYPE = YES_ERROR;
				GCC_WARN_UNDECLARED_SELECTOR = YES;
				GCC_WARN_UNINITIALIZED_AUTOS = YES_AGGRESSIVE;
				GCC_WARN_UNUSED_FUNCTION = YES;
				GCC_WARN_UNUSED_VARIABLE = YES;
				IPHONEOS_DEPLOYMENT_TARGET = 11.0;
				MTL_ENABLE_DEBUG_INFO = NO;
				SDKROOT = iphoneos;
				SWIFT_OPTIMIZATION_LEVEL = "-Owholemodule";
				VALIDATE_PRODUCT = YES;
			};
			name = Release;
		};
		43900FCF1FCCE8AF00258E80 /* Debug */ = {
			isa = XCBuildConfiguration;
			buildSettings = {
				ASSETCATALOG_COMPILER_APPICON_NAME = AppIcon;
				CODE_SIGN_STYLE = Automatic;
				DEVELOPMENT_TEAM = TYG5CRJT2C;
				INFOPLIST_FILE = InterpolationTest/Info.plist;
				LD_RUNPATH_SEARCH_PATHS = "$(inherited) @executable_path/Frameworks";
				PRODUCT_BUNDLE_IDENTIFIER = hmtest.InterpolationTest;
				PRODUCT_NAME = "$(TARGET_NAME)";
				SWIFT_VERSION = 4.0;
				TARGETED_DEVICE_FAMILY = "1,2";
			};
			name = Debug;
		};
		43900FD01FCCE8AF00258E80 /* Release */ = {
			isa = XCBuildConfiguration;
			buildSettings = {
				ASSETCATALOG_COMPILER_APPICON_NAME = AppIcon;
				CODE_SIGN_STYLE = Automatic;
				DEVELOPMENT_TEAM = TYG5CRJT2C;
				INFOPLIST_FILE = InterpolationTest/Info.plist;
				LD_RUNPATH_SEARCH_PATHS = "$(inherited) @executable_path/Frameworks";
				PRODUCT_BUNDLE_IDENTIFIER = hmtest.InterpolationTest;
				PRODUCT_NAME = "$(TARGET_NAME)";
				SWIFT_VERSION = 4.0;
				TARGETED_DEVICE_FAMILY = "1,2";
			};
			name = Release;
		};
/* End XCBuildConfiguration section */

/* Begin XCConfigurationList section */
		43900FB71FCCE8AE00258E80 /* Build configuration list for PBXProject "InterpolationTest" */ = {
			isa = XCConfigurationList;
			buildConfigurations = (
				43900FCC1FCCE8AF00258E80 /* Debug */,
				43900FCD1FCCE8AF00258E80 /* Release */,
			);
			defaultConfigurationIsVisible = 0;
			defaultConfigurationName = Release;
		};
		43900FCE1FCCE8AF00258E80 /* Build configuration list for PBXNativeTarget "InterpolationTest" */ = {
			isa = XCConfigurationList;
			buildConfigurations = (
				43900FCF1FCCE8AF00258E80 /* Debug */,
				43900FD01FCCE8AF00258E80 /* Release */,
			);
			defaultConfigurationIsVisible = 0;
			defaultConfigurationName = Release;
		};
/* End XCConfigurationList section */
	};
	rootObject = 43900FB41FCCE8AE00258E80 /* Project object */;
}
